
Microsoft Visual Studio Solution File, Format Version 12.00
# Visual Studio Version 17
VisualStudioVersion = 17.10.35013.160
MinimumVisualStudioVersion = 10.0.40219.1
Project("{9A19103F-16F7-4668-BE54-9A1E7A4F7556}") = "Tienda_Bazar", "Tienda_Bazar\Tienda_Bazar.csproj", "{4293B5A4-DF4E-44C5-AB91-A6F866186299}"
EndProject
Global
	GlobalSection(SolutionConfigurationPlatforms) = preSolution
		Debug|Any CPU = Debug|Any CPU
		Release|Any CPU = Release|Any CPU
	EndGlobalSection
	GlobalSection(ProjectConfigurationPlatforms) = postSolution
		{4293B5A4-DF4E-44C5-AB91-A6F866186299}.Debug|Any CPU.ActiveCfg = Debug|Any CPU
		{4293B5A4-DF4E-44C5-AB91-A6F866186299}.Debug|Any CPU.Build.0 = Debug|Any CPU
		{4293B5A4-DF4E-44C5-AB91-A6F866186299}.Release|Any CPU.ActiveCfg = Release|Any CPU
		{4293B5A4-DF4E-44C5-AB91-A6F866186299}.Release|Any CPU.Build.0 = Release|Any CPU
	EndGlobalSection
	GlobalSection(SolutionProperties) = preSolution
		HideSolutionNode = FALSE
	EndGlobalSection
	GlobalSection(ExtensibilityGlobals) = postSolution
		SolutionGuid = {EEE88959-0BE7-4539-AC06-C45B660DF32F}
	EndGlobalSection
EndGlobal
